
Microsoft Visual Studio Solution File, Format Version 12.00
# Visual Studio Version 17
VisualStudioVersion = 17.1.32328.378
MinimumVisualStudioVersion = 10.0.40219.1
Project("{FAE04EC0-301F-11D3-BF4B-00C04F79EFBC}") = "Tiempo 2", "Tiempo 2\Tiempo 2.csproj", "{9631B604-F8DB-43E4-B67E-8CDEF4D8D1D9}"
EndProject
Global
	GlobalSection(SolutionConfigurationPlatforms) = preSolution
		Debug|Any CPU = Debug|Any CPU
		Release|Any CPU = Release|Any CPU
	EndGlobalSection
	GlobalSection(ProjectConfigurationPlatforms) = postSolution
		{9631B604-F8DB-43E4-B67E-8CDEF4D8D1D9}.Debug|Any CPU.ActiveCfg = Debug|Any CPU
		{9631B604-F8DB-43E4-B67E-8CDEF4D8D1D9}.Debug|Any CPU.Build.0 = Debug|Any CPU
		{9631B604-F8DB-43E4-B67E-8CDEF4D8D1D9}.Release|Any CPU.ActiveCfg = Release|Any CPU
		{9631B604-F8DB-43E4-B67E-8CDEF4D8D1D9}.Release|Any CPU.Build.0 = Release|Any CPU
	EndGlobalSection
	GlobalSection(SolutionProperties) = preSolution
		HideSolutionNode = FALSE
	EndGlobalSection
	GlobalSection(ExtensibilityGlobals) = postSolution
		SolutionGuid = {0B13EA40-4947-4732-B4D9-B6EC881DB2AC}
	EndGlobalSection
EndGlobal
